
Microsoft Visual Studio Solution File, Format Version 12.00
# Visual Studio Version 16
VisualStudioVersion = 16.0.29806.167
MinimumVisualStudioVersion = 10.0.40219.1
Project("{FAE04EC0-301F-11D3-BF4B-00C04F79EFBC}") = "Froze.NetFeatures", "Froze.NetFeatures\Froze.NetFeatures.csproj", "{0315DC34-4CFB-4A4E-B508-67FCC0C748B5}"
EndProject
Project("{FAE04EC0-301F-11D3-BF4B-00C04F79EFBC}") = "Froze.Core", "Froze.Core\Froze.Core.csproj", "{77901EF9-3C7B-472A-B8A4-B9F3545999FE}"
EndProject
Global
	GlobalSection(SolutionConfigurationPlatforms) = preSolution
		Debug|Any CPU = Debug|Any CPU
		Release|Any CPU = Release|Any CPU
	EndGlobalSection
	GlobalSection(ProjectConfigurationPlatforms) = postSolution
		{0315DC34-4CFB-4A4E-B508-67FCC0C748B5}.Debug|Any CPU.ActiveCfg = Debug|Any CPU
		{0315DC34-4CFB-4A4E-B508-67FCC0C748B5}.Debug|Any CPU.Build.0 = Debug|Any CPU
		{0315DC34-4CFB-4A4E-B508-67FCC0C748B5}.Release|Any CPU.ActiveCfg = Release|Any CPU
		{0315DC34-4CFB-4A4E-B508-67FCC0C748B5}.Release|Any CPU.Build.0 = Release|Any CPU
		{77901EF9-3C7B-472A-B8A4-B9F3545999FE}.Debug|Any CPU.ActiveCfg = Debug|Any CPU
		{77901EF9-3C7B-472A-B8A4-B9F3545999FE}.Debug|Any CPU.Build.0 = Debug|Any CPU
		{77901EF9-3C7B-472A-B8A4-B9F3545999FE}.Release|Any CPU.ActiveCfg = Release|Any CPU
		{77901EF9-3C7B-472A-B8A4-B9F3545999FE}.Release|Any CPU.Build.0 = Release|Any CPU
	EndGlobalSection
	GlobalSection(SolutionProperties) = preSolution
		HideSolutionNode = FALSE
	EndGlobalSection
	GlobalSection(ExtensibilityGlobals) = postSolution
		SolutionGuid = {CFE528F0-1EAF-4AE2-B037-C6D15C33594E}
	EndGlobalSection
EndGlobal
